
Microsoft Visual Studio Solution File, Format Version 12.00
# Visual Studio 15
VisualStudioVersion = 15.0.28307.489
MinimumVisualStudioVersion = 10.0.40219.1
Project("{FAE04EC0-301F-11D3-BF4B-00C04F79EFBC}") = "DateTime1", "DateTime1\DateTime1.csproj", "{0C0C6AB3-1EDE-4627-BE8B-3E4A752FB603}"
EndProject
Global
	GlobalSection(SolutionConfigurationPlatforms) = preSolution
		Debug|Any CPU = Debug|Any CPU
		Release|Any CPU = Release|Any CPU
	EndGlobalSection
	GlobalSection(ProjectConfigurationPlatforms) = postSolution
		{0C0C6AB3-1EDE-4627-BE8B-3E4A752FB603}.Debug|Any CPU.ActiveCfg = Debug|Any CPU
		{0C0C6AB3-1EDE-4627-BE8B-3E4A752FB603}.Debug|Any CPU.Build.0 = Debug|Any CPU
		{0C0C6AB3-1EDE-4627-BE8B-3E4A752FB603}.Release|Any CPU.ActiveCfg = Release|Any CPU
		{0C0C6AB3-1EDE-4627-BE8B-3E4A752FB603}.Release|Any CPU.Build.0 = Release|Any CPU
	EndGlobalSection
	GlobalSection(SolutionProperties) = preSolution
		HideSolutionNode = FALSE
	EndGlobalSection
	GlobalSection(ExtensibilityGlobals) = postSolution
		SolutionGuid = {61E980B3-769F-41D0-A8F7-DFC03D7A6B97}
	EndGlobalSection
EndGlobal
