
Microsoft Visual Studio Solution File, Format Version 12.00
# Visual Studio 15
VisualStudioVersion = 15.0.28307.489
MinimumVisualStudioVersion = 10.0.40219.1
Project("{FAE04EC0-301F-11D3-BF4B-00C04F79EFBC}") = "BooleanWhileStatement", "BooleanWhileStatement\BooleanWhileStatement.csproj", "{8669F8A2-525D-41F8-822B-91E378950D86}"
EndProject
Global
	GlobalSection(SolutionConfigurationPlatforms) = preSolution
		Debug|Any CPU = Debug|Any CPU
		Release|Any CPU = Release|Any CPU
	EndGlobalSection
	GlobalSection(ProjectConfigurationPlatforms) = postSolution
		{8669F8A2-525D-41F8-822B-91E378950D86}.Debug|Any CPU.ActiveCfg = Debug|Any CPU
		{8669F8A2-525D-41F8-822B-91E378950D86}.Debug|Any CPU.Build.0 = Debug|Any CPU
		{8669F8A2-525D-41F8-822B-91E378950D86}.Release|Any CPU.ActiveCfg = Release|Any CPU
		{8669F8A2-525D-41F8-822B-91E378950D86}.Release|Any CPU.Build.0 = Release|Any CPU
	EndGlobalSection
	GlobalSection(SolutionProperties) = preSolution
		HideSolutionNode = FALSE
	EndGlobalSection
	GlobalSection(ExtensibilityGlobals) = postSolution
		SolutionGuid = {5585126B-4578-4BA3-A87B-20E9B33200FD}
	EndGlobalSection
EndGlobal
