
Microsoft Visual Studio Solution File, Format Version 12.00
# Visual Studio 15
VisualStudioVersion = 15.0.28307.489
MinimumVisualStudioVersion = 10.0.40219.1
Project("{FAE04EC0-301F-11D3-BF4B-00C04F79EFBC}") = "Strings", "Strings\Strings.csproj", "{4E4286CA-728A-42DF-9C30-4612D3B8AC0E}"
EndProject
Global
	GlobalSection(SolutionConfigurationPlatforms) = preSolution
		Debug|Any CPU = Debug|Any CPU
		Release|Any CPU = Release|Any CPU
	EndGlobalSection
	GlobalSection(ProjectConfigurationPlatforms) = postSolution
		{4E4286CA-728A-42DF-9C30-4612D3B8AC0E}.Debug|Any CPU.ActiveCfg = Debug|Any CPU
		{4E4286CA-728A-42DF-9C30-4612D3B8AC0E}.Debug|Any CPU.Build.0 = Debug|Any CPU
		{4E4286CA-728A-42DF-9C30-4612D3B8AC0E}.Release|Any CPU.ActiveCfg = Release|Any CPU
		{4E4286CA-728A-42DF-9C30-4612D3B8AC0E}.Release|Any CPU.Build.0 = Release|Any CPU
	EndGlobalSection
	GlobalSection(SolutionProperties) = preSolution
		HideSolutionNode = FALSE
	EndGlobalSection
	GlobalSection(ExtensibilityGlobals) = postSolution
		SolutionGuid = {69FFE4B6-32AE-4EC1-8334-0638B3DC4366}
	EndGlobalSection
EndGlobal
